schema: '2.0'
stages:
  data_cleaning:
    cmd: python src/data/data_cleaning.py
    deps:
    - path: data/raw/swiggy.csv
      hash: md5
      md5: 0b050b37dfe6cfbfaa18d7cb4e454377
      size: 7772212
    - path: src/data/data_cleaning.py
      hash: md5
      md5: 04e4c2aaef91b284590f6b07fd2a5a71
      size: 9263
    outs:
    - path: data/cleaned/swiggy_cleaned.csv
      hash: md5
      md5: 88abff5e8ddf25d6d39300c8f9b531d2
      size: 4463050
  data_preparation:
    cmd: python src/data/data_preparation.py
    deps:
    - path: data/cleaned/swiggy_cleaned.csv
      hash: md5
      md5: 88abff5e8ddf25d6d39300c8f9b531d2
      size: 4463050
    - path: src/data/data_preparation.py
      hash: md5
      md5: 8382982e5b4015dc0b97df84149da1aa
      size: 2916
    params:
      params.yaml:
        Data_Preparation.random_state: 42
        Data_Preparation.test_size: 0.2
    outs:
    - path: data/interim/test.csv
      hash: md5
      md5: 375fa1a926b03223098af054711607c5
      size: 892032
    - path: data/interim/train.csv
      hash: md5
      md5: 216d5c039bbda848434331dda5fd7f77
      size: 3568058
  data_preprocessing:
    cmd: python src/features/data_preprocessing.py
    deps:
    - path: data/interim/test.csv
      hash: md5
      md5: 375fa1a926b03223098af054711607c5
      size: 892032
    - path: data/interim/train.csv
      hash: md5
      md5: 216d5c039bbda848434331dda5fd7f77
      size: 3568058
    - path: src/features/data_preprocessing.py
      hash: md5
      md5: 064d3c748b8d2833c51d98ec3a092235
      size: 6760
    outs:
    - path: data/processed/test_trans.csv
      hash: md5
      md5: a94c3a0a4735379dc99a0b0e50ba92c7
      size: 1081728
    - path: data/processed/train_trans.csv
      hash: md5
      md5: 7146ad9c460dccfc7b256621d47b9dc5
      size: 4299282
    - path: models/preprocessor.joblib
      hash: md5
      md5: 8a2a5246fe1655ed281dfebe848effd7
      size: 8401
  train:
    cmd: python src/models/train.py
    deps:
    - path: data/processed/train_trans.csv
      hash: md5
      md5: 7146ad9c460dccfc7b256621d47b9dc5
      size: 4299282
    - path: src/models/train.py
      hash: md5
      md5: 7b58ff98727eeac3d4f78318ade236c5
      size: 4753
    params:
      params.yaml:
        Train.LightGBM:
          n_estimators: 154
          max_depth: 27
          learning_rate: 0.22234435854395157
          subsample: 0.7592213724048168
          min_child_weight: 20
          min_split_gain: 0.004604680609280751
          reg_lambda: 97.81002379097947
          n_jobs: -1
        Train.Random_Forest:
          n_estimators: 479
          criterion: squared_error
          max_depth: 17
          max_features: 1
          min_samples_split: 9
          min_samples_leaf: 2
          max_samples: 0.6603673526197066
          verbose: 1
          n_jobs: -1
    outs:
    - path: models/model.joblib
      hash: md5
      md5: a8d4fa16f76e6071bd20793b2438cae4
      size: 157378552
    - path: models/power_transformer.joblib
      hash: md5
      md5: 2d5bd7efac36eeb371cad705692880f0
      size: 837
    - path: models/stacking_regressor.joblib
      hash: md5
      md5: 0bff428a745c8f4f49d39cb9ea2ab841
      size: 157367002
  evaluation:
    cmd: python src/models/evaluation.py
    deps:
    - path: data/processed/test_trans.csv
      hash: md5
      md5: a94c3a0a4735379dc99a0b0e50ba92c7
      size: 1081728
    - path: data/processed/train_trans.csv
      hash: md5
      md5: 7146ad9c460dccfc7b256621d47b9dc5
      size: 4299282
    - path: models/model.joblib
      hash: md5
      md5: a8d4fa16f76e6071bd20793b2438cae4
      size: 157378552
    - path: src/models/evaluation.py
      hash: md5
      md5: 1e0b31e754b83797c41d36d1adf77957
      size: 5870
    outs:
    - path: run_information.json
      hash: md5
      md5: 9a0a0eab2f14df7a4238c40018f7962b
      size: 216
